// !$*UTF8*$!
{
	archiveVersion = 1;
	classes = {
	};
	objectVersion = 50;
	objects = {

/* Begin PBXBuildFile section */
		840D351D249D105C009FF100 /* AppDelegate.swift in Sources */ = {isa = PBXBuildFile; fileRef = 840D351C249D105C009FF100 /* AppDelegate.swift */; };
		840D351F249D105C009FF100 /* SceneDelegate.swift in Sources */ = {isa = PBXBuildFile; fileRef = 840D351E249D105C009FF100 /* SceneDelegate.swift */; };
		840D3524249D105C009FF100 /* Main.storyboard in Resources */ = {isa = PBXBuildFile; fileRef = 840D3522249D105C009FF100 /* Main.storyboard */; };
		840D3526249D105D009FF100 /* Assets.xcassets in Resources */ = {isa = PBXBuildFile; fileRef = 840D3525249D105D009FF100 /* Assets.xcassets */; };
		840D3529249D105D009FF100 /* LaunchScreen.storyboard in Resources */ = {isa = PBXBuildFile; fileRef = 840D3527249D105D009FF100 /* LaunchScreen.storyboard */; };
		840D3533249D10CF009FF100 /* Movie.swift in Sources */ = {isa = PBXBuildFile; fileRef = 840D3532249D10CF009FF100 /* Movie.swift */; };
		840D3538249D12F7009FF100 /* MovieController.swift in Sources */ = {isa = PBXBuildFile; fileRef = 840D3537249D12F7009FF100 /* MovieController.swift */; };
		840D353A249D1596009FF100 /* MovieSearchError.swift in Sources */ = {isa = PBXBuildFile; fileRef = 840D3539249D1596009FF100 /* MovieSearchError.swift */; };
		840D353C249D250B009FF100 /* MovieTableViewCell.swift in Sources */ = {isa = PBXBuildFile; fileRef = 840D353B249D250B009FF100 /* MovieTableViewCell.swift */; };
		840D353E249D251C009FF100 /* MovieListTableViewController.swift in Sources */ = {isa = PBXBuildFile; fileRef = 840D353D249D251C009FF100 /* MovieListTableViewController.swift */; };
/* End PBXBuildFile section */

/* Begin PBXFileReference section */
		840D3519249D105C009FF100 /* MovieSearch.app */ = {isa = PBXFileReference; explicitFileType = wrapper.application; includeInIndex = 0; path = MovieSearch.app; sourceTree = BUILT_PRODUCTS_DIR; };
		840D351C249D105C009FF100 /* AppDelegate.swift */ = {isa = PBXFileReference; lastKnownFileType = sourcecode.swift; path = AppDelegate.swift; sourceTree = "<group>"; };
		840D351E249D105C009FF100 /* SceneDelegate.swift */ = {isa = PBXFileReference; lastKnownFileType = sourcecode.swift; path = SceneDelegate.swift; sourceTree = "<group>"; };
		840D3523249D105C009FF100 /* Base */ = {isa = PBXFileReference; lastKnownFileType = file.storyboard; name = Base; path = Base.lproj/Main.storyboard; sourceTree = "<group>"; };
		840D3525249D105D009FF100 /* Assets.xcassets */ = {isa = PBXFileReference; lastKnownFileType = folder.assetcatalog; path = Assets.xcassets; sourceTree = "<group>"; };
		840D3528249D105D009FF100 /* Base */ = {isa = PBXFileReference; lastKnownFileType = file.storyboard; name = Base; path = Base.lproj/LaunchScreen.storyboard; sourceTree = "<group>"; };
		840D352A249D105D009FF100 /* Info.plist */ = {isa = PBXFileReference; lastKnownFileType = text.plist.xml; path = Info.plist; sourceTree = "<group>"; };
		840D3532249D10CF009FF100 /* Movie.swift */ = {isa = PBXFileReference; lastKnownFileType = sourcecode.swift; path = Movie.swift; sourceTree = "<group>"; };
		840D3537249D12F7009FF100 /* MovieController.swift */ = {isa = PBXFileReference; lastKnownFileType = sourcecode.swift; path = MovieController.swift; sourceTree = "<group>"; };
		840D3539249D1596009FF100 /* MovieSearchError.swift */ = {isa = PBXFileReference; lastKnownFileType = sourcecode.swift; path = MovieSearchError.swift; sourceTree = "<group>"; };
		840D353B249D250B009FF100 /* MovieTableViewCell.swift */ = {isa = PBXFileReference; lastKnownFileType = sourcecode.swift; path = MovieTableViewCell.swift; sourceTree = "<group>"; };
		840D353D249D251C009FF100 /* MovieListTableViewController.swift */ = {isa = PBXFileReference; lastKnownFileType = sourcecode.swift; path = MovieListTableViewController.swift; sourceTree = "<group>"; };
/* End PBXFileReference section */

/* Begin PBXFrameworksBuildPhase section */
		840D3516249D105C009FF100 /* Frameworks */ = {
			isa = PBXFrameworksBuildPhase;
			buildActionMask = 2147483647;
			files = (
			);
			runOnlyForDeploymentPostprocessing = 0;
		};
/* End PBXFrameworksBuildPhase section */

/* Begin PBXGroup section */
		840D3510249D105C009FF100 = {
			isa = PBXGroup;
			children = (
				840D351B249D105C009FF100 /* MovieSearch */,
				840D351A249D105C009FF100 /* Products */,
			);
			sourceTree = "<group>";
		};
		840D351A249D105C009FF100 /* Products */ = {
			isa = PBXGroup;
			children = (
				840D3519249D105C009FF100 /* MovieSearch.app */,
			);
			name = Products;
			sourceTree = "<group>";
		};
		840D351B249D105C009FF100 /* MovieSearch */ = {
			isa = PBXGroup;
			children = (
				840D3534249D12DA009FF100 /* Controllers */,
				840D3531249D10B6009FF100 /* Models */,
				840D353F249D253C009FF100 /* View */,
				840D3530249D106F009FF100 /* Resrouces */,
			);
			path = MovieSearch;
			sourceTree = "<group>";
		};
		840D3530249D106F009FF100 /* Resrouces */ = {
			isa = PBXGroup;
			children = (
				840D3525249D105D009FF100 /* Assets.xcassets */,
				840D351C249D105C009FF100 /* AppDelegate.swift */,
				840D351E249D105C009FF100 /* SceneDelegate.swift */,
				840D3527249D105D009FF100 /* LaunchScreen.storyboard */,
				840D352A249D105D009FF100 /* Info.plist */,
			);
			path = Resrouces;
			sourceTree = "<group>";
		};
		840D3531249D10B6009FF100 /* Models */ = {
			isa = PBXGroup;
			children = (
				840D3532249D10CF009FF100 /* Movie.swift */,
				840D3539249D1596009FF100 /* MovieSearchError.swift */,
			);
			path = Models;
			sourceTree = "<group>";
		};
		840D3534249D12DA009FF100 /* Controllers */ = {
			isa = PBXGroup;
			children = (
				840D3536249D12E7009FF100 /* ViewControllers */,
				840D3535249D12E0009FF100 /* ModelControllers */,
			);
			path = Controllers;
			sourceTree = "<group>";
		};
		840D3535249D12E0009FF100 /* ModelControllers */ = {
			isa = PBXGroup;
			children = (
				840D3537249D12F7009FF100 /* MovieController.swift */,
			);
			path = ModelControllers;
			sourceTree = "<group>";
		};
		840D3536249D12E7009FF100 /* ViewControllers */ = {
			isa = PBXGroup;
			children = (
				840D353B249D250B009FF100 /* MovieTableViewCell.swift */,
				840D353D249D251C009FF100 /* MovieListTableViewController.swift */,
			);
			path = ViewControllers;
			sourceTree = "<group>";
		};
		840D353F249D253C009FF100 /* View */ = {
			isa = PBXGroup;
			children = (
				840D3522249D105C009FF100 /* Main.storyboard */,
			);
			path = View;
			sourceTree = "<group>";
		};
/* End PBXGroup section */

/* Begin PBXNativeTarget section */
		840D3518249D105C009FF100 /* MovieSearch */ = {
			isa = PBXNativeTarget;
			buildConfigurationList = 840D352D249D105D009FF100 /* Build configuration list for PBXNativeTarget "MovieSearch" */;
			buildPhases = (
				840D3515249D105C009FF100 /* Sources */,
				840D3516249D105C009FF100 /* Frameworks */,
				840D3517249D105C009FF100 /* Resources */,
			);
			buildRules = (
			);
			dependencies = (
			);
			name = MovieSearch;
			productName = MovieSearch;
			productReference = 840D3519249D105C009FF100 /* MovieSearch.app */;
			productType = "com.apple.product-type.application";
		};
/* End PBXNativeTarget section */

/* Begin PBXProject section */
		840D3511249D105C009FF100 /* Project object */ = {
			isa = PBXProject;
			attributes = {
				LastSwiftUpdateCheck = 1150;
				LastUpgradeCheck = 1150;
				ORGANIZATIONNAME = Admin;
				TargetAttributes = {
					840D3518249D105C009FF100 = {
						CreatedOnToolsVersion = 11.5;
					};
				};
			};
			buildConfigurationList = 840D3514249D105C009FF100 /* Build configuration list for PBXProject "MovieSearch" */;
			compatibilityVersion = "Xcode 9.3";
			developmentRegion = en;
			hasScannedForEncodings = 0;
			knownRegions = (
				en,
				Base,
			);
			mainGroup = 840D3510249D105C009FF100;
			productRefGroup = 840D351A249D105C009FF100 /* Products */;
			projectDirPath = "";
			projectRoot = "";
			targets = (
				840D3518249D105C009FF100 /* MovieSearch */,
			);
		};
/* End PBXProject section */

/* Begin PBXResourcesBuildPhase section */
		840D3517249D105C009FF100 /* Resources */ = {
			isa = PBXResourcesBuildPhase;
			buildActionMask = 2147483647;
			files = (
				840D3529249D105D009FF100 /* LaunchScreen.storyboard in Resources */,
				840D3526249D105D009FF100 /* Assets.xcassets in Resources */,
				840D3524249D105C009FF100 /* Main.storyboard in Resources */,
			);
			runOnlyForDeploymentPostprocessing = 0;
		};
/* End PBXResourcesBuildPhase section */

/* Begin PBXSourcesBuildPhase section */
		840D3515249D105C009FF100 /* Sources */ = {
			isa = PBXSourcesBuildPhase;
			buildActionMask = 2147483647;
			files = (
				840D3538249D12F7009FF100 /* MovieController.swift in Sources */,
				840D351D249D105C009FF100 /* AppDelegate.swift in Sources */,
				840D353C249D250B009FF100 /* MovieTableViewCell.swift in Sources */,
				840D351F249D105C009FF100 /* SceneDelegate.swift in Sources */,
				840D3533249D10CF009FF100 /* Movie.swift in Sources */,
				840D353E249D251C009FF100 /* MovieListTableViewController.swift in Sources */,
				840D353A249D1596009FF100 /* MovieSearchError.swift in Sources */,
			);
			runOnlyForDeploymentPostprocessing = 0;
		};
/* End PBXSourcesBuildPhase section */

/* Begin PBXVariantGroup section */
		840D3522249D105C009FF100 /* Main.storyboard */ = {
			isa = PBXVariantGroup;
			children = (
				840D3523249D105C009FF100 /* Base */,
			);
			name = Main.storyboard;
			sourceTree = "<group>";
		};
		840D3527249D105D009FF100 /* LaunchScreen.storyboard */ = {
			isa = PBXVariantGroup;
			children = (
				840D3528249D105D009FF100 /* Base */,
			);
			name = LaunchScreen.storyboard;
			sourceTree = "<group>";
		};
/* End PBXVariantGroup section */

/* Begin XCBuildConfiguration section */
		840D352B249D105D009FF100 /* Debug */ = {
			isa = XCBuildConfiguration;
			buildSettings = {
				ALWAYS_SEARCH_USER_PATHS = NO;
				CLANG_ANALYZER_NONNULL = YES;
				CLANG_ANALYZER_NUMBER_OBJECT_CONVERSION = YES_AGGRESSIVE;
				CLANG_CXX_LANGUAGE_STANDARD = "gnu++14";
				CLANG_CXX_LIBRARY = "libc++";
				CLANG_ENABLE_MODULES = YES;
				CLANG_ENABLE_OBJC_ARC = YES;
				CLANG_ENABLE_OBJC_WEAK = YES;
				CLANG_WARN_BLOCK_CAPTURE_AUTORELEASING = YES;
				CLANG_WARN_BOOL_CONVERSION = YES;
				CLANG_WARN_COMMA = YES;
				CLANG_WARN_CONSTANT_CONVERSION = YES;
				CLANG_WARN_DEPRECATED_OBJC_IMPLEMENTATIONS = YES;
				CLANG_WARN_DIRECT_OBJC_ISA_USAGE = YES_ERROR;
				CLANG_WARN_DOCUMENTATION_COMMENTS = YES;
				CLANG_WARN_EMPTY_BODY = YES;
				CLANG_WARN_ENUM_CONVERSION = YES;
				CLANG_WARN_INFINITE_RECURSION = YES;
				CLANG_WARN_INT_CONVERSION = YES;
				CLANG_WARN_NON_LITERAL_NULL_CONVERSION = YES;
				CLANG_WARN_OBJC_IMPLICIT_RETAIN_SELF = YES;
				CLANG_WARN_OBJC_LITERAL_CONVERSION = YES;
				CLANG_WARN_OBJC_ROOT_CLASS = YES_ERROR;
				CLANG_WARN_RANGE_LOOP_ANALYSIS = YES;
				CLANG_WARN_STRICT_PROTOTYPES = YES;
				CLANG_WARN_SUSPICIOUS_MOVE = YES;
				CLANG_WARN_UNGUARDED_AVAILABILITY = YES_AGGRESSIVE;
				CLANG_WARN_UNREACHABLE_CODE = YES;
				CLANG_WARN__DUPLICATE_METHOD_MATCH = YES;
				COPY_PHASE_STRIP = NO;
				DEBUG_INFORMATION_FORMAT = dwarf;
				ENABLE_STRICT_OBJC_MSGSEND = YES;
				ENABLE_TESTABILITY = YES;
				GCC_C_LANGUAGE_STANDARD = gnu11;
				GCC_DYNAMIC_NO_PIC = NO;
				GCC_NO_COMMON_BLOCKS = YES;
				GCC_OPTIMIZATION_LEVEL = 0;
				GCC_PREPROCESSOR_DEFINITIONS = (
					"DEBUG=1",
					"$(inherited)",
				);
				GCC_WARN_64_TO_32_BIT_CONVERSION = YES;
				GCC_WARN_ABOUT_RETURN_TYPE = YES_ERROR;
				GCC_WARN_UNDECLARED_SELECTOR = YES;
				GCC_WARN_UNINITIALIZED_AUTOS = YES_AGGRESSIVE;
				GCC_WARN_UNUSED_FUNCTION = YES;
				GCC_WARN_UNUSED_VARIABLE = YES;
				IPHONEOS_DEPLOYMENT_TARGET = 13.5;
				MTL_ENABLE_DEBUG_INFO = INCLUDE_SOURCE;
				MTL_FAST_MATH = YES;
				ONLY_ACTIVE_ARCH = YES;
				SDKROOT = iphoneos;
				SWIFT_ACTIVE_COMPILATION_CONDITIONS = DEBUG;
				SWIFT_OPTIMIZATION_LEVEL = "-Onone";
			};
			name = Debug;
		};
		840D352C249D105D009FF100 /* Release */ = {
			isa = XCBuildConfiguration;
			buildSettings = {
				ALWAYS_SEARCH_USER_PATHS = NO;
				CLANG_ANALYZER_NONNULL = YES;
				CLANG_ANALYZER_NUMBER_OBJECT_CONVERSION = YES_AGGRESSIVE;
				CLANG_CXX_LANGUAGE_STANDARD = "gnu++14";
				CLANG_CXX_LIBRARY = "libc++";
				CLANG_ENABLE_MODULES = YES;
				CLANG_ENABLE_OBJC_ARC = YES;
				CLANG_ENABLE_OBJC_WEAK = YES;
				CLANG_WARN_BLOCK_CAPTURE_AUTORELEASING = YES;
				CLANG_WARN_BOOL_CONVERSION = YES;
				CLANG_WARN_COMMA = YES;
				CLANG_WARN_CONSTANT_CONVERSION = YES;
				CLANG_WARN_DEPRECATED_OBJC_IMPLEMENTATIONS = YES;
				CLANG_WARN_DIRECT_OBJC_ISA_USAGE = YES_ERROR;
				CLANG_WARN_DOCUMENTATION_COMMENTS = YES;
				CLANG_WARN_EMPTY_BODY = YES;
				CLANG_WARN_ENUM_CONVERSION = YES;
				CLANG_WARN_INFINITE_RECURSION = YES;
				CLANG_WARN_INT_CONVERSION = YES;
				CLANG_WARN_NON_LITERAL_NULL_CONVERSION = YES;
				CLANG_WARN_OBJC_IMPLICIT_RETAIN_SELF = YES;
				CLANG_WARN_OBJC_LITERAL_CONVERSION = YES;
				CLANG_WARN_OBJC_ROOT_CLASS = YES_ERROR;
				CLANG_WARN_RANGE_LOOP_ANALYSIS = YES;
				CLANG_WARN_STRICT_PROTOTYPES = YES;
				CLANG_WARN_SUSPICIOUS_MOVE = YES;
				CLANG_WARN_UNGUARDED_AVAILABILITY = YES_AGGRESSIVE;
				CLANG_WARN_UNREACHABLE_CODE = YES;
				CLANG_WARN__DUPLICATE_METHOD_MATCH = YES;
				COPY_PHASE_STRIP = NO;
				DEBUG_INFORMATION_FORMAT = "dwarf-with-dsym";
				ENABLE_NS_ASSERTIONS = NO;
				ENABLE_STRICT_OBJC_MSGSEND = YES;
				GCC_C_LANGUAGE_STANDARD = gnu11;
				GCC_NO_COMMON_BLOCKS = YES;
				GCC_WARN_64_TO_32_BIT_CONVERSION = YES;
				GCC_WARN_ABOUT_RETURN_TYPE = YES_ERROR;
				GCC_WARN_UNDECLARED_SELECTOR = YES;
				GCC_WARN_UNINITIALIZED_AUTOS = YES_AGGRESSIVE;
				GCC_WARN_UNUSED_FUNCTION = YES;
				GCC_WARN_UNUSED_VARIABLE = YES;
				IPHONEOS_DEPLOYMENT_TARGET = 13.5;
				MTL_ENABLE_DEBUG_INFO = NO;
				MTL_FAST_MATH = YES;
				SDKROOT = iphoneos;
				SWIFT_COMPILATION_MODE = wholemodule;
				SWIFT_OPTIMIZATION_LEVEL = "-O";
				VALIDATE_PRODUCT = YES;
			};
			name = Release;
		};
		840D352E249D105D009FF100 /* Debug */ = {
			isa = XCBuildConfiguration;
			buildSettings = {
				ASSETCATALOG_COMPILER_APPICON_NAME = AppIcon;
				CODE_SIGN_STYLE = Automatic;
				DEVELOPMENT_TEAM = Z6S8PVK4V9;
				INFOPLIST_FILE = "$(SRCROOT)/MovieSearch/Resrouces/Info.plist";
				LD_RUNPATH_SEARCH_PATHS = (
					"$(inherited)",
					"@executable_path/Frameworks",
				);
				PRODUCT_BUNDLE_IDENTIFIER = com.iljoochae.MovieSearch;
				PRODUCT_NAME = "$(TARGET_NAME)";
				SWIFT_VERSION = 5.0;
				TARGETED_DEVICE_FAMILY = "1,2";
			};
			name = Debug;
		};
		840D352F249D105D009FF100 /* Release */ = {
			isa = XCBuildConfiguration;
			buildSettings = {
				ASSETCATALOG_COMPILER_APPICON_NAME = AppIcon;
				CODE_SIGN_STYLE = Automatic;
				DEVELOPMENT_TEAM = Z6S8PVK4V9;
				INFOPLIST_FILE = "$(SRCROOT)/MovieSearch/Resrouces/Info.plist";
				LD_RUNPATH_SEARCH_PATHS = (
					"$(inherited)",
					"@executable_path/Frameworks",
				);
				PRODUCT_BUNDLE_IDENTIFIER = com.iljoochae.MovieSearch;
				PRODUCT_NAME = "$(TARGET_NAME)";
				SWIFT_VERSION = 5.0;
				TARGETED_DEVICE_FAMILY = "1,2";
			};
			name = Release;
		};
/* End XCBuildConfiguration section */

/* Begin XCConfigurationList section */
		840D3514249D105C009FF100 /* Build configuration list for PBXProject "MovieSearch" */ = {
			isa = XCConfigurationList;
			buildConfigurations = (
				840D352B249D105D009FF100 /* Debug */,
				840D352C249D105D009FF100 /* Release */,
			);
			defaultConfigurationIsVisible = 0;
			defaultConfigurationName = Release;
		};
		840D352D249D105D009FF100 /* Build configuration list for PBXNativeTarget "MovieSearch" */ = {
			isa = XCConfigurationList;
			buildConfigurations = (
				840D352E249D105D009FF100 /* Debug */,
				840D352F249D105D009FF100 /* Release */,
			);
			defaultConfigurationIsVisible = 0;
			defaultConfigurationName = Release;
		};
/* End XCConfigurationList section */
	};
	rootObject = 840D3511249D105C009FF100 /* Project object */;
}
